
Microsoft Visual Studio Solution File, Format Version 12.00
# Visual Studio Version 17
VisualStudioVersion = 17.14.36717.8 d17.14
MinimumVisualStudioVersion = 10.0.40219.1
Project("{FAE04EC0-301F-11D3-BF4B-00C04F79EFBC}") = "RedactionAPI", "RedactionAPI\RedactionAPI.csproj", "{C9D55E41-AB2B-451F-9B01-A4782509CEC1}"
EndProject
Global
	GlobalSection(SolutionConfigurationPlatforms) = preSolution
		Debug|Any CPU = Debug|Any CPU
		Release|Any CPU = Release|Any CPU
	EndGlobalSection
	GlobalSection(ProjectConfigurationPlatforms) = postSolution
		{C9D55E41-AB2B-451F-9B01-A4782509CEC1}.Debug|Any CPU.ActiveCfg = Debug|Any CPU
		{C9D55E41-AB2B-451F-9B01-A4782509CEC1}.Debug|Any CPU.Build.0 = Debug|Any CPU
		{C9D55E41-AB2B-451F-9B01-A4782509CEC1}.Release|Any CPU.ActiveCfg = Release|Any CPU
		{C9D55E41-AB2B-451F-9B01-A4782509CEC1}.Release|Any CPU.Build.0 = Release|Any CPU
	EndGlobalSection
	GlobalSection(SolutionProperties) = preSolution
		HideSolutionNode = FALSE
	EndGlobalSection
	GlobalSection(ExtensibilityGlobals) = postSolution
		SolutionGuid = {DDC724E4-A638-478A-BA66-EAC1B7D86D54}
	EndGlobalSection
EndGlobal
